
Microsoft Visual Studio Solution File, Format Version 12.00
# Visual Studio Version 16
VisualStudioVersion = 16.0.30011.22
MinimumVisualStudioVersion = 10.0.40219.1
Project("{FAE04EC0-301F-11D3-BF4B-00C04F79EFBC}") = "GlowWorm", "GlowWorm.csproj", "{420FCFD7-DAE7-4A16-957A-65F4B122D443}"
EndProject
Global
	GlobalSection(SolutionConfigurationPlatforms) = preSolution
		Debug|Any CPU = Debug|Any CPU
		Release|Any CPU = Release|Any CPU
	EndGlobalSection
	GlobalSection(ProjectConfigurationPlatforms) = postSolution
		{420FCFD7-DAE7-4A16-957A-65F4B122D443}.Debug|Any CPU.ActiveCfg = Debug|Any CPU
		{420FCFD7-DAE7-4A16-957A-65F4B122D443}.Debug|Any CPU.Build.0 = Debug|Any CPU
		{420FCFD7-DAE7-4A16-957A-65F4B122D443}.Release|Any CPU.ActiveCfg = Release|Any CPU
		{420FCFD7-DAE7-4A16-957A-65F4B122D443}.Release|Any CPU.Build.0 = Release|Any CPU
	EndGlobalSection
	GlobalSection(SolutionProperties) = preSolution
		HideSolutionNode = FALSE
	EndGlobalSection
	GlobalSection(ExtensibilityGlobals) = postSolution
		SolutionGuid = {9EB050FB-D768-473F-BF2E-4FE2E406BC1F}
	EndGlobalSection
EndGlobal
